
Microsoft Visual Studio Solution File, Format Version 12.00
# Visual Studio Version 17
VisualStudioVersion = 17.13.35931.197 d17.13
MinimumVisualStudioVersion = 10.0.40219.1
Project("{FAE04EC0-301F-11D3-BF4B-00C04F79EFBC}") = "team3", "team3\team3.csproj", "{EDBC5F06-A76A-42FC-8D27-77851D9540EF}"
EndProject
Global
	GlobalSection(SolutionConfigurationPlatforms) = preSolution
		Debug|Any CPU = Debug|Any CPU
		Release|Any CPU = Release|Any CPU
	EndGlobalSection
	GlobalSection(ProjectConfigurationPlatforms) = postSolution
		{EDBC5F06-A76A-42FC-8D27-77851D9540EF}.Debug|Any CPU.ActiveCfg = Debug|Any CPU
		{EDBC5F06-A76A-42FC-8D27-77851D9540EF}.Debug|Any CPU.Build.0 = Debug|Any CPU
		{EDBC5F06-A76A-42FC-8D27-77851D9540EF}.Release|Any CPU.ActiveCfg = Release|Any CPU
		{EDBC5F06-A76A-42FC-8D27-77851D9540EF}.Release|Any CPU.Build.0 = Release|Any CPU
	EndGlobalSection
	GlobalSection(SolutionProperties) = preSolution
		HideSolutionNode = FALSE
	EndGlobalSection
	GlobalSection(ExtensibilityGlobals) = postSolution
		SolutionGuid = {368DAD67-9A35-429C-A853-492F258698F8}
	EndGlobalSection
EndGlobal
